
Microsoft Visual Studio Solution File, Format Version 12.00
# Visual Studio Version 17
VisualStudioVersion = 17.4.33213.308
MinimumVisualStudioVersion = 10.0.40219.1
Project("{9A19103F-16F7-4668-BE54-9A1E7A4F7556}") = "Wallet.Api", "Wallet.Api\Wallet.Api.csproj", "{A0DF50A4-D541-481E-853F-B4349FA5CDBA}"
EndProject
Project("{9A19103F-16F7-4668-BE54-9A1E7A4F7556}") = "Wallet.Tests", "Wallet.Tests\Wallet.Tests.csproj", "{7F2CE074-BF33-4D26-82AB-88F1A725B5EA}"
EndProject
Project("{FAE04EC0-301F-11D3-BF4B-00C04F79EFBC}") = "Wallet.AcceptanceTests", "Wallet.AcceptanceTests\Wallet.AcceptanceTests.csproj", "{3BDC21F1-892A-4D3D-A8CC-B171C55EC28D}"
EndProject
Global
	GlobalSection(SolutionConfigurationPlatforms) = preSolution
		Debug|Any CPU = Debug|Any CPU
		Release|Any CPU = Release|Any CPU
	EndGlobalSection
	GlobalSection(ProjectConfigurationPlatforms) = postSolution
		{A0DF50A4-D541-481E-853F-B4349FA5CDBA}.Debug|Any CPU.ActiveCfg = Debug|Any CPU
		{A0DF50A4-D541-481E-853F-B4349FA5CDBA}.Debug|Any CPU.Build.0 = Debug|Any CPU
		{A0DF50A4-D541-481E-853F-B4349FA5CDBA}.Release|Any CPU.ActiveCfg = Release|Any CPU
		{A0DF50A4-D541-481E-853F-B4349FA5CDBA}.Release|Any CPU.Build.0 = Release|Any CPU
		{7F2CE074-BF33-4D26-82AB-88F1A725B5EA}.Debug|Any CPU.ActiveCfg = Debug|Any CPU
		{7F2CE074-BF33-4D26-82AB-88F1A725B5EA}.Debug|Any CPU.Build.0 = Debug|Any CPU
		{7F2CE074-BF33-4D26-82AB-88F1A725B5EA}.Release|Any CPU.ActiveCfg = Release|Any CPU
		{7F2CE074-BF33-4D26-82AB-88F1A725B5EA}.Release|Any CPU.Build.0 = Release|Any CPU
		{3BDC21F1-892A-4D3D-A8CC-B171C55EC28D}.Debug|Any CPU.ActiveCfg = Debug|Any CPU
		{3BDC21F1-892A-4D3D-A8CC-B171C55EC28D}.Debug|Any CPU.Build.0 = Debug|Any CPU
		{3BDC21F1-892A-4D3D-A8CC-B171C55EC28D}.Release|Any CPU.ActiveCfg = Release|Any CPU
		{3BDC21F1-892A-4D3D-A8CC-B171C55EC28D}.Release|Any CPU.Build.0 = Release|Any CPU
	EndGlobalSection
	GlobalSection(SolutionProperties) = preSolution
		HideSolutionNode = FALSE
	EndGlobalSection
	GlobalSection(ExtensibilityGlobals) = postSolution
		SolutionGuid = {A7B48A07-56EA-4E0C-9ECE-A488CD843697}
	EndGlobalSection
EndGlobal
